
Microsoft Visual Studio Solution File, Format Version 12.00
Project("{FAE04EC0-301F-11D3-BF4B-00C04F79EFBC}") = "Tier3 - Server", "Tier3 - Server\Tier3 - Server.csproj", "{0716DC81-A678-4A5A-B473-23C080D45971}"
EndProject
Global
	GlobalSection(SolutionConfigurationPlatforms) = preSolution
		Debug|Any CPU = Debug|Any CPU
		Release|Any CPU = Release|Any CPU
	EndGlobalSection
	GlobalSection(ProjectConfigurationPlatforms) = postSolution
		{0716DC81-A678-4A5A-B473-23C080D45971}.Debug|Any CPU.ActiveCfg = Debug|Any CPU
		{0716DC81-A678-4A5A-B473-23C080D45971}.Debug|Any CPU.Build.0 = Debug|Any CPU
		{0716DC81-A678-4A5A-B473-23C080D45971}.Release|Any CPU.ActiveCfg = Release|Any CPU
		{0716DC81-A678-4A5A-B473-23C080D45971}.Release|Any CPU.Build.0 = Release|Any CPU
	EndGlobalSection
EndGlobal
